// !$*UTF8*$!
{
	archiveVersion = 1;
	classes = {
	};
	objectVersion = 46;
	objects = {

/* Begin PBXBuildFile section */
		9C0AC25816C8C66B00C1522C /* exp.png in Resources */ = {isa = PBXBuildFile; fileRef = 9C0AC25716C8C66B00C1522C /* exp.png */; };
		9C55235D16A9BF1100881586 /* UIKit.framework in Frameworks */ = {isa = PBXBuildFile; fileRef = 9C55235C16A9BF1100881586 /* UIKit.framework */; };
		9C55235F16A9BF1100881586 /* Foundation.framework in Frameworks */ = {isa = PBXBuildFile; fileRef = 9C55235E16A9BF1100881586 /* Foundation.framework */; };
		9C55236116A9BF1100881586 /* CoreGraphics.framework in Frameworks */ = {isa = PBXBuildFile; fileRef = 9C55236016A9BF1100881586 /* CoreGraphics.framework */; };
		9C55236716A9BF1100881586 /* InfoPlist.strings in Resources */ = {isa = PBXBuildFile; fileRef = 9C55236516A9BF1100881586 /* InfoPlist.strings */; };
		9C55236F16A9BF1100881586 /* Default.png in Resources */ = {isa = PBXBuildFile; fileRef = 9C55236E16A9BF1100881586 /* Default.png */; };
		9C55237116A9BF1100881586 /* Default@2x.png in Resources */ = {isa = PBXBuildFile; fileRef = 9C55237016A9BF1100881586 /* Default@2x.png */; };
		9C55237316A9BF1100881586 /* Default-568h@2x.png in Resources */ = {isa = PBXBuildFile; fileRef = 9C55237216A9BF1100881586 /* Default-568h@2x.png */; };
		9C55238116A9BF1100881586 /* SenTestingKit.framework in Frameworks */ = {isa = PBXBuildFile; fileRef = 9C55238016A9BF1100881586 /* SenTestingKit.framework */; };
		9C55238216A9BF1100881586 /* UIKit.framework in Frameworks */ = {isa = PBXBuildFile; fileRef = 9C55235C16A9BF1100881586 /* UIKit.framework */; };
		9C55238316A9BF1100881586 /* Foundation.framework in Frameworks */ = {isa = PBXBuildFile; fileRef = 9C55235E16A9BF1100881586 /* Foundation.framework */; };
		9C55238B16A9BF1100881586 /* InfoPlist.strings in Resources */ = {isa = PBXBuildFile; fileRef = 9C55238916A9BF1100881586 /* InfoPlist.strings */; };
		9C55238E16A9BF1100881586 /* CalculatorTests.m in Sources */ = {isa = PBXBuildFile; fileRef = 9C55238D16A9BF1100881586 /* CalculatorTests.m */; };
		9C63158816C6E862001A1EEE /* 0.png in Resources */ = {isa = PBXBuildFile; fileRef = 9C63156416C6E862001A1EEE /* 0.png */; };
		9C63158916C6E862001A1EEE /* 1.png in Resources */ = {isa = PBXBuildFile; fileRef = 9C63156516C6E862001A1EEE /* 1.png */; };
		9C63158A16C6E862001A1EEE /* 2.png in Resources */ = {isa = PBXBuildFile; fileRef = 9C63156616C6E862001A1EEE /* 2.png */; };
		9C63158B16C6E862001A1EEE /* 3.png in Resources */ = {isa = PBXBuildFile; fileRef = 9C63156716C6E862001A1EEE /* 3.png */; };
		9C63158C16C6E862001A1EEE /* 4.png in Resources */ = {isa = PBXBuildFile; fileRef = 9C63156816C6E862001A1EEE /* 4.png */; };
		9C63158D16C6E862001A1EEE /* 5.png in Resources */ = {isa = PBXBuildFile; fileRef = 9C63156916C6E862001A1EEE /* 5.png */; };
		9C63158E16C6E862001A1EEE /* 6.png in Resources */ = {isa = PBXBuildFile; fileRef = 9C63156A16C6E862001A1EEE /* 6.png */; };
		9C63158F16C6E862001A1EEE /* 8.png in Resources */ = {isa = PBXBuildFile; fileRef = 9C63156B16C6E862001A1EEE /* 8.png */; };
		9C63159016C6E862001A1EEE /* 9.png in Resources */ = {isa = PBXBuildFile; fileRef = 9C63156C16C6E862001A1EEE /* 9.png */; };
		9C63159116C6E862001A1EEE /* add.png in Resources */ = {isa = PBXBuildFile; fileRef = 9C63156D16C6E862001A1EEE /* add.png */; };
		9C63159216C6E862001A1EEE /* calc.png in Resources */ = {isa = PBXBuildFile; fileRef = 9C63156E16C6E862001A1EEE /* calc.png */; };
		9C63159416C6E862001A1EEE /* clr.png in Resources */ = {isa = PBXBuildFile; fileRef = 9C63157116C6E862001A1EEE /* clr.png */; };
		9C63159516C6E862001A1EEE /* decimal.png in Resources */ = {isa = PBXBuildFile; fileRef = 9C63157216C6E862001A1EEE /* decimal.png */; };
		9C63159916C6E862001A1EEE /* div.png in Resources */ = {isa = PBXBuildFile; fileRef = 9C63157616C6E862001A1EEE /* div.png */; };
		9C63159A16C6E862001A1EEE /* EE.png in Resources */ = {isa = PBXBuildFile; fileRef = 9C63157716C6E862001A1EEE /* EE.png */; };
		9C63159C16C6E862001A1EEE /* MainStoryboard.storyboard in Resources */ = {isa = PBXBuildFile; fileRef = 9C63157A16C6E862001A1EEE /* MainStoryboard.storyboard */; };
		9C63159D16C6E862001A1EEE /* eq.png in Resources */ = {isa = PBXBuildFile; fileRef = 9C63157C16C6E862001A1EEE /* eq.png */; };
		9C63159E16C6E862001A1EEE /* LMSAppDelegate.m in Sources */ = {isa = PBXBuildFile; fileRef = 9C63157E16C6E862001A1EEE /* LMSAppDelegate.m */; };
		9C63159F16C6E862001A1EEE /* LMSViewController.m in Sources */ = {isa = PBXBuildFile; fileRef = 9C63158016C6E862001A1EEE /* LMSViewController.m */; };
		9C6315A016C6E862001A1EEE /* log.png in Resources */ = {isa = PBXBuildFile; fileRef = 9C63158116C6E862001A1EEE /* log.png */; };
		9C6315A116C6E862001A1EEE /* main.m in Sources */ = {isa = PBXBuildFile; fileRef = 9C63158216C6E862001A1EEE /* main.m */; };
		9C6315A216C6E862001A1EEE /* mult.png in Resources */ = {isa = PBXBuildFile; fileRef = 9C63158316C6E862001A1EEE /* mult.png */; };
		9C6315A316C6E862001A1EEE /* output.png in Resources */ = {isa = PBXBuildFile; fileRef = 9C63158416C6E862001A1EEE /* output.png */; };
		9C6315A416C6E862001A1EEE /* pi.png in Resources */ = {isa = PBXBuildFile; fileRef = 9C63158516C6E862001A1EEE /* pi.png */; };
		9C6315A516C6E862001A1EEE /* sqrt.png in Resources */ = {isa = PBXBuildFile; fileRef = 9C63158616C6E862001A1EEE /* sqrt.png */; };
		9C6315A616C6E862001A1EEE /* sub.png in Resources */ = {isa = PBXBuildFile; fileRef = 9C63158716C6E862001A1EEE /* sub.png */; };
/* End PBXBuildFile section */

/* Begin PBXContainerItemProxy section */
		9C55238416A9BF1100881586 /* PBXContainerItemProxy */ = {
			isa = PBXContainerItemProxy;
			containerPortal = 9C55234F16A9BF1100881586 /* Project object */;
			proxyType = 1;
			remoteGlobalIDString = 9C55235716A9BF1100881586;
			remoteInfo = Calculator;
		};
/* End PBXContainerItemProxy section */

/* Begin PBXFileReference section */
		9C0AC25716C8C66B00C1522C /* exp.png */ = {isa = PBXFileReference; lastKnownFileType = image.png; path = exp.png; sourceTree = "<group>"; };
		9C55235816A9BF1100881586 /* Calculator.app */ = {isa = PBXFileReference; explicitFileType = wrapper.application; includeInIndex = 0; path = Calculator.app; sourceTree = BUILT_PRODUCTS_DIR; };
		9C55235C16A9BF1100881586 /* UIKit.framework */ = {isa = PBXFileReference; lastKnownFileType = wrapper.framework; name = UIKit.framework; path = System/Library/Frameworks/UIKit.framework; sourceTree = SDKROOT; };
		9C55235E16A9BF1100881586 /* Foundation.framework */ = {isa = PBXFileReference; lastKnownFileType = wrapper.framework; name = Foundation.framework; path = System/Library/Frameworks/Foundation.framework; sourceTree = SDKROOT; };
		9C55236016A9BF1100881586 /* CoreGraphics.framework */ = {isa = PBXFileReference; lastKnownFileType = wrapper.framework; name = CoreGraphics.framework; path = System/Library/Frameworks/CoreGraphics.framework; sourceTree = SDKROOT; };
		9C55236416A9BF1100881586 /* Calculator-Info.plist */ = {isa = PBXFileReference; lastKnownFileType = text.plist.xml; path = "Calculator-Info.plist"; sourceTree = "<group>"; };
		9C55236616A9BF1100881586 /* en */ = {isa = PBXFileReference; lastKnownFileType = text.plist.strings; name = en; path = en.lproj/InfoPlist.strings; sourceTree = "<group>"; };
		9C55236A16A9BF1100881586 /* Calculator-Prefix.pch */ = {isa = PBXFileReference; lastKnownFileType = sourcecode.c.h; path = "Calculator-Prefix.pch"; sourceTree = "<group>"; };
		9C55236E16A9BF1100881586 /* Default.png */ = {isa = PBXFileReference; lastKnownFileType = image.png; path = Default.png; sourceTree = "<group>"; };
		9C55237016A9BF1100881586 /* Default@2x.png */ = {isa = PBXFileReference; lastKnownFileType = image.png; path = "Default@2x.png"; sourceTree = "<group>"; };
		9C55237216A9BF1100881586 /* Default-568h@2x.png */ = {isa = PBXFileReference; lastKnownFileType = image.png; path = "Default-568h@2x.png"; sourceTree = "<group>"; };
		9C55237F16A9BF1100881586 /* CalculatorTests.octest */ = {isa = PBXFileReference; explicitFileType = wrapper.cfbundle; includeInIndex = 0; path = CalculatorTests.octest; sourceTree = BUILT_PRODUCTS_DIR; };
		9C55238016A9BF1100881586 /* SenTestingKit.framework */ = {isa = PBXFileReference; lastKnownFileType = wrapper.framework; name = SenTestingKit.framework; path = Library/Frameworks/SenTestingKit.framework; sourceTree = DEVELOPER_DIR; };
		9C55238816A9BF1100881586 /* CalculatorTests-Info.plist */ = {isa = PBXFileReference; lastKnownFileType = text.plist.xml; path = "CalculatorTests-Info.plist"; sourceTree = "<group>"; };
		9C55238A16A9BF1100881586 /* en */ = {isa = PBXFileReference; lastKnownFileType = text.plist.strings; name = en; path = en.lproj/InfoPlist.strings; sourceTree = "<group>"; };
		9C55238C16A9BF1100881586 /* CalculatorTests.h */ = {isa = PBXFileReference; lastKnownFileType = sourcecode.c.h; path = CalculatorTests.h; sourceTree = "<group>"; };
		9C55238D16A9BF1100881586 /* CalculatorTests.m */ = {isa = PBXFileReference; lastKnownFileType = sourcecode.c.objc; path = CalculatorTests.m; sourceTree = "<group>"; };
		9C63156416C6E862001A1EEE /* 0.png */ = {isa = PBXFileReference; lastKnownFileType = image.png; path = 0.png; sourceTree = "<group>"; };
		9C63156516C6E862001A1EEE /* 1.png */ = {isa = PBXFileReference; lastKnownFileType = image.png; path = 1.png; sourceTree = "<group>"; };
		9C63156616C6E862001A1EEE /* 2.png */ = {isa = PBXFileReference; lastKnownFileType = image.png; path = 2.png; sourceTree = "<group>"; };
		9C63156716C6E862001A1EEE /* 3.png */ = {isa = PBXFileReference; lastKnownFileType = image.png; path = 3.png; sourceTree = "<group>"; };
		9C63156816C6E862001A1EEE /* 4.png */ = {isa = PBXFileReference; lastKnownFileType = image.png; path = 4.png; sourceTree = "<group>"; };
		9C63156916C6E862001A1EEE /* 5.png */ = {isa = PBXFileReference; lastKnownFileType = image.png; path = 5.png; sourceTree = "<group>"; };
		9C63156A16C6E862001A1EEE /* 6.png */ = {isa = PBXFileReference; lastKnownFileType = image.png; path = 6.png; sourceTree = "<group>"; };
		9C63156B16C6E862001A1EEE /* 8.png */ = {isa = PBXFileReference; lastKnownFileType = image.png; path = 8.png; sourceTree = "<group>"; };
		9C63156C16C6E862001A1EEE /* 9.png */ = {isa = PBXFileReference; lastKnownFileType = image.png; path = 9.png; sourceTree = "<group>"; };
		9C63156D16C6E862001A1EEE /* add.png */ = {isa = PBXFileReference; lastKnownFileType = image.png; path = add.png; sourceTree = "<group>"; };
		9C63156E16C6E862001A1EEE /* calc.png */ = {isa = PBXFileReference; lastKnownFileType = image.png; path = calc.png; sourceTree = "<group>"; };
		9C63157116C6E862001A1EEE /* clr.png */ = {isa = PBXFileReference; lastKnownFileType = image.png; path = clr.png; sourceTree = "<group>"; };
		9C63157216C6E862001A1EEE /* decimal.png */ = {isa = PBXFileReference; lastKnownFileType = image.png; path = decimal.png; sourceTree = "<group>"; };
		9C63157616C6E862001A1EEE /* div.png */ = {isa = PBXFileReference; lastKnownFileType = image.png; path = div.png; sourceTree = "<group>"; };
		9C63157716C6E862001A1EEE /* EE.png */ = {isa = PBXFileReference; lastKnownFileType = image.png; path = EE.png; sourceTree = "<group>"; };
		9C63157B16C6E862001A1EEE /* en */ = {isa = PBXFileReference; lastKnownFileType = file.storyboard; name = en; path = en.lproj/MainStoryboard.storyboard; sourceTree = "<group>"; };
		9C63157C16C6E862001A1EEE /* eq.png */ = {isa = PBXFileReference; lastKnownFileType = image.png; path = eq.png; sourceTree = "<group>"; };
		9C63157D16C6E862001A1EEE /* LMSAppDelegate.h */ = {isa = PBXFileReference; fileEncoding = 4; lastKnownFileType = sourcecode.c.h; path = LMSAppDelegate.h; sourceTree = "<group>"; };
		9C63157E16C6E862001A1EEE /* LMSAppDelegate.m */ = {isa = PBXFileReference; fileEncoding = 4; lastKnownFileType = sourcecode.c.objc; path = LMSAppDelegate.m; sourceTree = "<group>"; };
		9C63157F16C6E862001A1EEE /* LMSViewController.h */ = {isa = PBXFileReference; fileEncoding = 4; lastKnownFileType = sourcecode.c.h; path = LMSViewController.h; sourceTree = "<group>"; };
		9C63158016C6E862001A1EEE /* LMSViewController.m */ = {isa = PBXFileReference; fileEncoding = 4; lastKnownFileType = sourcecode.c.objc; path = LMSViewController.m; sourceTree = "<group>"; };
		9C63158116C6E862001A1EEE /* log.png */ = {isa = PBXFileReference; lastKnownFileType = image.png; path = log.png; sourceTree = "<group>"; };
		9C63158216C6E862001A1EEE /* main.m */ = {isa = PBXFileReference; fileEncoding = 4; lastKnownFileType = sourcecode.c.objc; path = main.m; sourceTree = "<group>"; };
		9C63158316C6E862001A1EEE /* mult.png */ = {isa = PBXFileReference; lastKnownFileType = image.png; path = mult.png; sourceTree = "<group>"; };
		9C63158416C6E862001A1EEE /* output.png */ = {isa = PBXFileReference; lastKnownFileType = image.png; path = output.png; sourceTree = "<group>"; };
		9C63158516C6E862001A1EEE /* pi.png */ = {isa = PBXFileReference; lastKnownFileType = image.png; path = pi.png; sourceTree = "<group>"; };
		9C63158616C6E862001A1EEE /* sqrt.png */ = {isa = PBXFileReference; lastKnownFileType = image.png; path = sqrt.png; sourceTree = "<group>"; };
		9C63158716C6E862001A1EEE /* sub.png */ = {isa = PBXFileReference; lastKnownFileType = image.png; path = sub.png; sourceTree = "<group>"; };
/* End PBXFileReference section */

/* Begin PBXFrameworksBuildPhase section */
		9C55235516A9BF1100881586 /* Frameworks */ = {
			isa = PBXFrameworksBuildPhase;
			buildActionMask = 2147483647;
			files = (
				9C55235D16A9BF1100881586 /* UIKit.framework in Frameworks */,
				9C55235F16A9BF1100881586 /* Foundation.framework in Frameworks */,
				9C55236116A9BF1100881586 /* CoreGraphics.framework in Frameworks */,
			);
			runOnlyForDeploymentPostprocessing = 0;
		};
		9C55237B16A9BF1100881586 /* Frameworks */ = {
			isa = PBXFrameworksBuildPhase;
			buildActionMask = 2147483647;
			files = (
				9C55238116A9BF1100881586 /* SenTestingKit.framework in Frameworks */,
				9C55238216A9BF1100881586 /* UIKit.framework in Frameworks */,
				9C55238316A9BF1100881586 /* Foundation.framework in Frameworks */,
			);
			runOnlyForDeploymentPostprocessing = 0;
		};
/* End PBXFrameworksBuildPhase section */

/* Begin PBXGroup section */
		9C55234D16A9BF1100881586 = {
			isa = PBXGroup;
			children = (
				9C55236216A9BF1100881586 /* Calculator */,
				9C55238616A9BF1100881586 /* CalculatorTests */,
				9C55235B16A9BF1100881586 /* Frameworks */,
				9C55235916A9BF1100881586 /* Products */,
			);
			sourceTree = "<group>";
		};
		9C55235916A9BF1100881586 /* Products */ = {
			isa = PBXGroup;
			children = (
				9C55235816A9BF1100881586 /* Calculator.app */,
				9C55237F16A9BF1100881586 /* CalculatorTests.octest */,
			);
			name = Products;
			sourceTree = "<group>";
		};
		9C55235B16A9BF1100881586 /* Frameworks */ = {
			isa = PBXGroup;
			children = (
				9C55235C16A9BF1100881586 /* UIKit.framework */,
				9C55235E16A9BF1100881586 /* Foundation.framework */,
				9C55236016A9BF1100881586 /* CoreGraphics.framework */,
				9C55238016A9BF1100881586 /* SenTestingKit.framework */,
			);
			name = Frameworks;
			sourceTree = "<group>";
		};
		9C55236216A9BF1100881586 /* Calculator */ = {
			isa = PBXGroup;
			children = (
				9C63156316C6E862001A1EEE /* Calculator */,
				9C55236316A9BF1100881586 /* Supporting Files */,
			);
			path = Calculator;
			sourceTree = "<group>";
		};
		9C55236316A9BF1100881586 /* Supporting Files */ = {
			isa = PBXGroup;
			children = (
				9C0AC25716C8C66B00C1522C /* exp.png */,
				9C63157C16C6E862001A1EEE /* eq.png */,
				9C63158116C6E862001A1EEE /* log.png */,
				9C63158316C6E862001A1EEE /* mult.png */,
				9C63158416C6E862001A1EEE /* output.png */,
				9C63158516C6E862001A1EEE /* pi.png */,
				9C63158616C6E862001A1EEE /* sqrt.png */,
				9C63158716C6E862001A1EEE /* sub.png */,
				9C63157216C6E862001A1EEE /* decimal.png */,
				9C63157616C6E862001A1EEE /* div.png */,
				9C63157716C6E862001A1EEE /* EE.png */,
				9C63157116C6E862001A1EEE /* clr.png */,
				9C63156416C6E862001A1EEE /* 0.png */,
				9C63156516C6E862001A1EEE /* 1.png */,
				9C63156616C6E862001A1EEE /* 2.png */,
				9C63156716C6E862001A1EEE /* 3.png */,
				9C63156816C6E862001A1EEE /* 4.png */,
				9C63156916C6E862001A1EEE /* 5.png */,
				9C63156A16C6E862001A1EEE /* 6.png */,
				9C63156B16C6E862001A1EEE /* 8.png */,
				9C63156C16C6E862001A1EEE /* 9.png */,
				9C63156D16C6E862001A1EEE /* add.png */,
				9C63156E16C6E862001A1EEE /* calc.png */,
				9C55236416A9BF1100881586 /* Calculator-Info.plist */,
				9C55236516A9BF1100881586 /* InfoPlist.strings */,
				9C55236A16A9BF1100881586 /* Calculator-Prefix.pch */,
				9C55236E16A9BF1100881586 /* Default.png */,
				9C55237016A9BF1100881586 /* Default@2x.png */,
				9C55237216A9BF1100881586 /* Default-568h@2x.png */,
			);
			name = "Supporting Files";
			sourceTree = "<group>";
		};
		9C55238616A9BF1100881586 /* CalculatorTests */ = {
			isa = PBXGroup;
			children = (
				9C55238C16A9BF1100881586 /* CalculatorTests.h */,
				9C55238D16A9BF1100881586 /* CalculatorTests.m */,
				9C55238716A9BF1100881586 /* Supporting Files */,
			);
			path = CalculatorTests;
			sourceTree = "<group>";
		};
		9C55238716A9BF1100881586 /* Supporting Files */ = {
			isa = PBXGroup;
			children = (
				9C55238816A9BF1100881586 /* CalculatorTests-Info.plist */,
				9C55238916A9BF1100881586 /* InfoPlist.strings */,
			);
			name = "Supporting Files";
			sourceTree = "<group>";
		};
		9C63156316C6E862001A1EEE /* Calculator */ = {
			isa = PBXGroup;
			children = (
				9C63157A16C6E862001A1EEE /* MainStoryboard.storyboard */,
				9C63157D16C6E862001A1EEE /* LMSAppDelegate.h */,
				9C63157E16C6E862001A1EEE /* LMSAppDelegate.m */,
				9C63157F16C6E862001A1EEE /* LMSViewController.h */,
				9C63158016C6E862001A1EEE /* LMSViewController.m */,
				9C63158216C6E862001A1EEE /* main.m */,
			);
			name = Calculator;
			sourceTree = "<group>";
		};
/* End PBXGroup section */

/* Begin PBXNativeTarget section */
		9C55235716A9BF1100881586 /* Calculator */ = {
			isa = PBXNativeTarget;
			buildConfigurationList = 9C55239116A9BF1100881586 /* Build configuration list for PBXNativeTarget "Calculator" */;
			buildPhases = (
				9C55235416A9BF1100881586 /* Sources */,
				9C55235516A9BF1100881586 /* Frameworks */,
				9C55235616A9BF1100881586 /* Resources */,
			);
			buildRules = (
			);
			dependencies = (
			);
			name = Calculator;
			productName = Calculator;
			productReference = 9C55235816A9BF1100881586 /* Calculator.app */;
			productType = "com.apple.product-type.application";
		};
		9C55237E16A9BF1100881586 /* CalculatorTests */ = {
			isa = PBXNativeTarget;
			buildConfigurationList = 9C55239416A9BF1100881586 /* Build configuration list for PBXNativeTarget "CalculatorTests" */;
			buildPhases = (
				9C55237A16A9BF1100881586 /* Sources */,
				9C55237B16A9BF1100881586 /* Frameworks */,
				9C55237C16A9BF1100881586 /* Resources */,
				9C55237D16A9BF1100881586 /* ShellScript */,
			);
			buildRules = (
			);
			dependencies = (
				9C55238516A9BF1100881586 /* PBXTargetDependency */,
			);
			name = CalculatorTests;
			productName = CalculatorTests;
			productReference = 9C55237F16A9BF1100881586 /* CalculatorTests.octest */;
			productType = "com.apple.product-type.bundle";
		};
/* End PBXNativeTarget section */

/* Begin PBXProject section */
		9C55234F16A9BF1100881586 /* Project object */ = {
			isa = PBXProject;
			attributes = {
				CLASSPREFIX = LMS;
				LastUpgradeCheck = 0450;
				ORGANIZATIONNAME = "Lauren Shapiro";
			};
			buildConfigurationList = 9C55235216A9BF1100881586 /* Build configuration list for PBXProject "Calculator" */;
			compatibilityVersion = "Xcode 3.2";
			developmentRegion = English;
			hasScannedForEncodings = 0;
			knownRegions = (
				en,
			);
			mainGroup = 9C55234D16A9BF1100881586;
			productRefGroup = 9C55235916A9BF1100881586 /* Products */;
			projectDirPath = "";
			projectRoot = "";
			targets = (
				9C55235716A9BF1100881586 /* Calculator */,
				9C55237E16A9BF1100881586 /* CalculatorTests */,
			);
		};
/* End PBXProject section */

/* Begin PBXResourcesBuildPhase section */
		9C55235616A9BF1100881586 /* Resources */ = {
			isa = PBXResourcesBuildPhase;
			buildActionMask = 2147483647;
			files = (
				9C55236716A9BF1100881586 /* InfoPlist.strings in Resources */,
				9C55236F16A9BF1100881586 /* Default.png in Resources */,
				9C55237116A9BF1100881586 /* Default@2x.png in Resources */,
				9C55237316A9BF1100881586 /* Default-568h@2x.png in Resources */,
				9C63158816C6E862001A1EEE /* 0.png in Resources */,
				9C63158916C6E862001A1EEE /* 1.png in Resources */,
				9C63158A16C6E862001A1EEE /* 2.png in Resources */,
				9C63158B16C6E862001A1EEE /* 3.png in Resources */,
				9C63158C16C6E862001A1EEE /* 4.png in Resources */,
				9C63158D16C6E862001A1EEE /* 5.png in Resources */,
				9C63158E16C6E862001A1EEE /* 6.png in Resources */,
				9C63158F16C6E862001A1EEE /* 8.png in Resources */,
				9C63159016C6E862001A1EEE /* 9.png in Resources */,
				9C63159116C6E862001A1EEE /* add.png in Resources */,
				9C63159216C6E862001A1EEE /* calc.png in Resources */,
				9C63159416C6E862001A1EEE /* clr.png in Resources */,
				9C63159516C6E862001A1EEE /* decimal.png in Resources */,
				9C63159916C6E862001A1EEE /* div.png in Resources */,
				9C63159A16C6E862001A1EEE /* EE.png in Resources */,
				9C63159C16C6E862001A1EEE /* MainStoryboard.storyboard in Resources */,
				9C63159D16C6E862001A1EEE /* eq.png in Resources */,
				9C6315A016C6E862001A1EEE /* log.png in Resources */,
				9C6315A216C6E862001A1EEE /* mult.png in Resources */,
				9C6315A316C6E862001A1EEE /* output.png in Resources */,
				9C6315A416C6E862001A1EEE /* pi.png in Resources */,
				9C6315A516C6E862001A1EEE /* sqrt.png in Resources */,
				9C6315A616C6E862001A1EEE /* sub.png in Resources */,
				9C0AC25816C8C66B00C1522C /* exp.png in Resources */,
			);
			runOnlyForDeploymentPostprocessing = 0;
		};
		9C55237C16A9BF1100881586 /* Resources */ = {
			isa = PBXResourcesBuildPhase;
			buildActionMask = 2147483647;
			files = (
				9C55238B16A9BF1100881586 /* InfoPlist.strings in Resources */,
			);
			runOnlyForDeploymentPostprocessing = 0;
		};
/* End PBXResourcesBuildPhase section */

/* Begin PBXShellScriptBuildPhase section */
		9C55237D16A9BF1100881586 /* ShellScript */ = {
			isa = PBXShellScriptBuildPhase;
			buildActionMask = 2147483647;
			files = (
			);
			inputPaths = (
			);
			outputPaths = (
			);
			runOnlyForDeploymentPostprocessing = 0;
			shellPath = /bin/sh;
			shellScript = "# Run the unit tests in this test bundle.\n\"${SYSTEM_DEVELOPER_DIR}/Tools/RunUnitTests\"\n";
		};
/* End PBXShellScriptBuildPhase section */

/* Begin PBXSourcesBuildPhase section */
		9C55235416A9BF1100881586 /* Sources */ = {
			isa = PBXSourcesBuildPhase;
			buildActionMask = 2147483647;
			files = (
				9C63159E16C6E862001A1EEE /* LMSAppDelegate.m in Sources */,
				9C63159F16C6E862001A1EEE /* LMSViewController.m in Sources */,
				9C6315A116C6E862001A1EEE /* main.m in Sources */,
			);
			runOnlyForDeploymentPostprocessing = 0;
		};
		9C55237A16A9BF1100881586 /* Sources */ = {
			isa = PBXSourcesBuildPhase;
			buildActionMask = 2147483647;
			files = (
				9C55238E16A9BF1100881586 /* CalculatorTests.m in Sources */,
			);
			runOnlyForDeploymentPostprocessing = 0;
		};
/* End PBXSourcesBuildPhase section */

/* Begin PBXTargetDependency section */
		9C55238516A9BF1100881586 /* PBXTargetDependency */ = {
			isa = PBXTargetDependency;
			target = 9C55235716A9BF1100881586 /* Calculator */;
			targetProxy = 9C55238416A9BF1100881586 /* PBXContainerItemProxy */;
		};
/* End PBXTargetDependency section */

/* Begin PBXVariantGroup section */
		9C55236516A9BF1100881586 /* InfoPlist.strings */ = {
			isa = PBXVariantGroup;
			children = (
				9C55236616A9BF1100881586 /* en */,
			);
			name = InfoPlist.strings;
			sourceTree = "<group>";
		};
		9C55238916A9BF1100881586 /* InfoPlist.strings */ = {
			isa = PBXVariantGroup;
			children = (
				9C55238A16A9BF1100881586 /* en */,
			);
			name = InfoPlist.strings;
			sourceTree = "<group>";
		};
		9C63157A16C6E862001A1EEE /* MainStoryboard.storyboard */ = {
			isa = PBXVariantGroup;
			children = (
				9C63157B16C6E862001A1EEE /* en */,
			);
			name = MainStoryboard.storyboard;
			sourceTree = "<group>";
		};
/* End PBXVariantGroup section */

/* Begin XCBuildConfiguration section */
		9C55238F16A9BF1100881586 /* Debug */ = {
			isa = XCBuildConfiguration;
			buildSettings = {
				ALWAYS_SEARCH_USER_PATHS = NO;
				CLANG_CXX_LANGUAGE_STANDARD = "gnu++0x";
				CLANG_CXX_LIBRARY = "libc++";
				CLANG_ENABLE_OBJC_ARC = YES;
				CLANG_WARN_EMPTY_BODY = YES;
				CLANG_WARN__DUPLICATE_METHOD_MATCH = YES;
				"CODE_SIGN_IDENTITY[sdk=iphoneos*]" = "iPhone Developer";
				COPY_PHASE_STRIP = NO;
				GCC_C_LANGUAGE_STANDARD = gnu99;
				GCC_DYNAMIC_NO_PIC = NO;
				GCC_OPTIMIZATION_LEVEL = 0;
				GCC_PREPROCESSOR_DEFINITIONS = (
					"DEBUG=1",
					"$(inherited)",
				);
				GCC_SYMBOLS_PRIVATE_EXTERN = NO;
				GCC_WARN_ABOUT_RETURN_TYPE = YES;
				GCC_WARN_UNINITIALIZED_AUTOS = YES;
				GCC_WARN_UNUSED_VARIABLE = YES;
				IPHONEOS_DEPLOYMENT_TARGET = 6.0;
				ONLY_ACTIVE_ARCH = YES;
				SDKROOT = iphoneos;
			};
			name = Debug;
		};
		9C55239016A9BF1100881586 /* Release */ = {
			isa = XCBuildConfiguration;
			buildSettings = {
				ALWAYS_SEARCH_USER_PATHS = NO;
				CLANG_CXX_LANGUAGE_STANDARD = "gnu++0x";
				CLANG_CXX_LIBRARY = "libc++";
				CLANG_ENABLE_OBJC_ARC = YES;
				CLANG_WARN_EMPTY_BODY = YES;
				CLANG_WARN__DUPLICATE_METHOD_MATCH = YES;
				"CODE_SIGN_IDENTITY[sdk=iphoneos*]" = "iPhone Developer";
				COPY_PHASE_STRIP = YES;
				GCC_C_LANGUAGE_STANDARD = gnu99;
				GCC_WARN_ABOUT_RETURN_TYPE = YES;
				GCC_WARN_UNINITIALIZED_AUTOS = YES;
				GCC_WARN_UNUSED_VARIABLE = YES;
				IPHONEOS_DEPLOYMENT_TARGET = 6.0;
				OTHER_CFLAGS = "-DNS_BLOCK_ASSERTIONS=1";
				SDKROOT = iphoneos;
				VALIDATE_PRODUCT = YES;
			};
			name = Release;
		};
		9C55239216A9BF1100881586 /* Debug */ = {
			isa = XCBuildConfiguration;
			buildSettings = {
				GCC_PRECOMPILE_PREFIX_HEADER = YES;
				GCC_PREFIX_HEADER = "Calculator/Calculator-Prefix.pch";
				INFOPLIST_FILE = "Calculator/Calculator-Info.plist";
				PRODUCT_NAME = "$(TARGET_NAME)";
				WRAPPER_EXTENSION = app;
			};
			name = Debug;
		};
		9C55239316A9BF1100881586 /* Release */ = {
			isa = XCBuildConfiguration;
			buildSettings = {
				GCC_PRECOMPILE_PREFIX_HEADER = YES;
				GCC_PREFIX_HEADER = "Calculator/Calculator-Prefix.pch";
				INFOPLIST_FILE = "Calculator/Calculator-Info.plist";
				PRODUCT_NAME = "$(TARGET_NAME)";
				WRAPPER_EXTENSION = app;
			};
			name = Release;
		};
		9C55239516A9BF1100881586 /* Debug */ = {
			isa = XCBuildConfiguration;
			buildSettings = {
				BUNDLE_LOADER = "$(BUILT_PRODUCTS_DIR)/Calculator.app/Calculator";
				FRAMEWORK_SEARCH_PATHS = (
					"\"$(SDKROOT)/Developer/Library/Frameworks\"",
					"\"$(DEVELOPER_LIBRARY_DIR)/Frameworks\"",
				);
				GCC_PRECOMPILE_PREFIX_HEADER = YES;
				GCC_PREFIX_HEADER = "Calculator/Calculator-Prefix.pch";
				INFOPLIST_FILE = "CalculatorTests/CalculatorTests-Info.plist";
				PRODUCT_NAME = "$(TARGET_NAME)";
				TEST_HOST = "$(BUNDLE_LOADER)";
				WRAPPER_EXTENSION = octest;
			};
			name = Debug;
		};
		9C55239616A9BF1100881586 /* Release */ = {
			isa = XCBuildConfiguration;
			buildSettings = {
				BUNDLE_LOADER = "$(BUILT_PRODUCTS_DIR)/Calculator.app/Calculator";
				FRAMEWORK_SEARCH_PATHS = (
					"\"$(SDKROOT)/Developer/Library/Frameworks\"",
					"\"$(DEVELOPER_LIBRARY_DIR)/Frameworks\"",
				);
				GCC_PRECOMPILE_PREFIX_HEADER = YES;
				GCC_PREFIX_HEADER = "Calculator/Calculator-Prefix.pch";
				INFOPLIST_FILE = "CalculatorTests/CalculatorTests-Info.plist";
				PRODUCT_NAME = "$(TARGET_NAME)";
				TEST_HOST = "$(BUNDLE_LOADER)";
				WRAPPER_EXTENSION = octest;
			};
			name = Release;
		};
/* End XCBuildConfiguration section */

/* Begin XCConfigurationList section */
		9C55235216A9BF1100881586 /* Build configuration list for PBXProject "Calculator" */ = {
			isa = XCConfigurationList;
			buildConfigurations = (
				9C55238F16A9BF1100881586 /* Debug */,
				9C55239016A9BF1100881586 /* Release */,
			);
			defaultConfigurationIsVisible = 0;
			defaultConfigurationName = Release;
		};
		9C55239116A9BF1100881586 /* Build configuration list for PBXNativeTarget "Calculator" */ = {
			isa = XCConfigurationList;
			buildConfigurations = (
				9C55239216A9BF1100881586 /* Debug */,
				9C55239316A9BF1100881586 /* Release */,
			);
			defaultConfigurationIsVisible = 0;
			defaultConfigurationName = Release;
		};
		9C55239416A9BF1100881586 /* Build configuration list for PBXNativeTarget "CalculatorTests" */ = {
			isa = XCConfigurationList;
			buildConfigurations = (
				9C55239516A9BF1100881586 /* Debug */,
				9C55239616A9BF1100881586 /* Release */,
			);
			defaultConfigurationIsVisible = 0;
			defaultConfigurationName = Release;
		};
/* End XCConfigurationList section */
	};
	rootObject = 9C55234F16A9BF1100881586 /* Project object */;
}
